<?xml version="1.0" encoding="utf-8"?>
<Project ToolsVersion="4.0" xmlns="http://schemas.microsoft.com/developer/msbuild/2003">
  <ItemGroup>
    <Filter Include="src">
      <UniqueIdentifier>{d39ef579-0fa8-420c-9126-47e63dc4d006}</UniqueIdentifier>
    </Filter>
  </ItemGroup>
  <ItemGroup>
    <ClCompile Include="src\main.cpp">
      <Filter>src</Filter>
    </ClCompile>
    <ClCompile Include="src\PCH.cpp">
      <Filter>src</Filter>
    </ClCompile>
    <ClCompile Include="src\Papyrus.cpp">
      <Filter>src</Filter>
    </ClCompile>
  </ItemGroup>
  <ItemGroup>
    <ClInclude Include="src\Events.h">
      <Filter>src</Filter>
    </ClInclude>
    <ClInclude Include="src\Papyrus.h">
      <Filter>src</Filter>
    </ClInclude>
    <ClInclude Include="src\PCH.h">
      <Filter>src</Filter>
    </ClInclude>
    <ClInclude Include="src\version.h">
      <Filter>src</Filter>
    </ClInclude>
  </ItemGroup>
  <ItemGroup>
    <None Include=".clang-format" />
  </ItemGroup>
  <ItemGroup>
    <ResourceCompile Include="version.rc" />
  </ItemGroup>
</Project>